
Microsoft Visual Studio Solution File, Format Version 12.00
# Visual Studio Version 16
VisualStudioVersion = 16.0.31624.102
MinimumVisualStudioVersion = 10.0.40219.1
Project("{FAE04EC0-301F-11D3-BF4B-00C04F79EFBC}") = "nobeldij", "nobeldij\nobeldij.csproj", "{C1DB0D7F-14EC-4641-88C8-C13B0457CAAA}"
EndProject
Global
	GlobalSection(SolutionConfigurationPlatforms) = preSolution
		Debug|Any CPU = Debug|Any CPU
		Release|Any CPU = Release|Any CPU
	EndGlobalSection
	GlobalSection(ProjectConfigurationPlatforms) = postSolution
		{C1DB0D7F-14EC-4641-88C8-C13B0457CAAA}.Debug|Any CPU.ActiveCfg = Debug|Any CPU
		{C1DB0D7F-14EC-4641-88C8-C13B0457CAAA}.Debug|Any CPU.Build.0 = Debug|Any CPU
		{C1DB0D7F-14EC-4641-88C8-C13B0457CAAA}.Release|Any CPU.ActiveCfg = Release|Any CPU
		{C1DB0D7F-14EC-4641-88C8-C13B0457CAAA}.Release|Any CPU.Build.0 = Release|Any CPU
	EndGlobalSection
	GlobalSection(SolutionProperties) = preSolution
		HideSolutionNode = FALSE
	EndGlobalSection
	GlobalSection(ExtensibilityGlobals) = postSolution
		SolutionGuid = {585F108E-24D3-49FB-8092-0FC0C113E30E}
	EndGlobalSection
EndGlobal
